
Microsoft Visual Studio Solution File, Format Version 12.00
# Visual Studio Version 16
VisualStudioVersion = 16.0.31112.23
MinimumVisualStudioVersion = 10.0.40219.1
Project("{9A19103F-16F7-4668-BE54-9A1E7A4F7556}") = "DIO.Bank", "DIO.Bank.csproj", "{5403603D-36EA-4368-8D30-13890DEB61C4}"
EndProject
Global
	GlobalSection(SolutionConfigurationPlatforms) = preSolution
		Debug|Any CPU = Debug|Any CPU
		Release|Any CPU = Release|Any CPU
	EndGlobalSection
	GlobalSection(ProjectConfigurationPlatforms) = postSolution
		{5403603D-36EA-4368-8D30-13890DEB61C4}.Debug|Any CPU.ActiveCfg = Debug|Any CPU
		{5403603D-36EA-4368-8D30-13890DEB61C4}.Debug|Any CPU.Build.0 = Debug|Any CPU
		{5403603D-36EA-4368-8D30-13890DEB61C4}.Release|Any CPU.ActiveCfg = Release|Any CPU
		{5403603D-36EA-4368-8D30-13890DEB61C4}.Release|Any CPU.Build.0 = Release|Any CPU
	EndGlobalSection
	GlobalSection(SolutionProperties) = preSolution
		HideSolutionNode = FALSE
	EndGlobalSection
	GlobalSection(ExtensibilityGlobals) = postSolution
		SolutionGuid = {413F819E-1EAD-4102-B76E-E9303A92D66A}
	EndGlobalSection
EndGlobal
